
Microsoft Visual Studio Solution File, Format Version 12.00
# Visual Studio 15
VisualStudioVersion = 15.0.28307.489
MinimumVisualStudioVersion = 10.0.40219.1
Project("{2150E333-8FDC-42A3-9474-1A3956D46DE8}") = "Web", "Web", "{9041BEA5-F86F-45F0-B630-DFC83F04B0DC}"
EndProject
Project("{FAE04EC0-301F-11D3-BF4B-00C04F79EFBC}") = "Web.AmasVentasVuelos", "Web.AmasVentasVuelos\Web.AmasVentasVuelos.csproj", "{F16C12F4-A1FE-408E-AD58-33C5F097A9A1}"
EndProject
Global
	GlobalSection(SolutionConfigurationPlatforms) = preSolution
		Debug|Any CPU = Debug|Any CPU
		Release|Any CPU = Release|Any CPU
	EndGlobalSection
	GlobalSection(ProjectConfigurationPlatforms) = postSolution
		{F16C12F4-A1FE-408E-AD58-33C5F097A9A1}.Debug|Any CPU.ActiveCfg = Debug|Any CPU
		{F16C12F4-A1FE-408E-AD58-33C5F097A9A1}.Debug|Any CPU.Build.0 = Debug|Any CPU
		{F16C12F4-A1FE-408E-AD58-33C5F097A9A1}.Release|Any CPU.ActiveCfg = Release|Any CPU
		{F16C12F4-A1FE-408E-AD58-33C5F097A9A1}.Release|Any CPU.Build.0 = Release|Any CPU
	EndGlobalSection
	GlobalSection(SolutionProperties) = preSolution
		HideSolutionNode = FALSE
	EndGlobalSection
	GlobalSection(NestedProjects) = preSolution
		{F16C12F4-A1FE-408E-AD58-33C5F097A9A1} = {9041BEA5-F86F-45F0-B630-DFC83F04B0DC}
	EndGlobalSection
	GlobalSection(ExtensibilityGlobals) = postSolution
		SolutionGuid = {739DB7AC-0DE1-4345-AF15-DB5CE9327E11}
	EndGlobalSection

EndGlobal
